
Microsoft Visual Studio Solution File, Format Version 12.00
Project("{FAE04EC0-301F-11D3-BF4B-00C04F79EFBC}") = "WatchDog", "WatchDog\WatchDog.csproj", "{4A90F31F-4CBC-4ACF-9ACE-4690209B0203}"
EndProject
Global
	GlobalSection(SolutionConfigurationPlatforms) = preSolution
		Debug|Any CPU = Debug|Any CPU
		Release|Any CPU = Release|Any CPU
	EndGlobalSection
	GlobalSection(ProjectConfigurationPlatforms) = postSolution
		{4A90F31F-4CBC-4ACF-9ACE-4690209B0203}.Debug|Any CPU.ActiveCfg = Debug|Any CPU
		{4A90F31F-4CBC-4ACF-9ACE-4690209B0203}.Debug|Any CPU.Build.0 = Debug|Any CPU
		{4A90F31F-4CBC-4ACF-9ACE-4690209B0203}.Release|Any CPU.ActiveCfg = Release|Any CPU
		{4A90F31F-4CBC-4ACF-9ACE-4690209B0203}.Release|Any CPU.Build.0 = Release|Any CPU
	EndGlobalSection
EndGlobal
